// !$*UTF8*$!
{
	archiveVersion = 1;
	classes = {
	};
	objectVersion = 46;
	objects = {

/* Begin PBXBuildFile section */
		1F9E71B09FA44ADFA67A4EF8 /* libPods.a in Frameworks */ = {isa = PBXBuildFile; fileRef = 21B48F20FF2446CC82F0F521 /* libPods.a */; };
		E975C80C16F1A30800AF4AB6 /* LotsTabBarBackground@2x.png in Resources */ = {isa = PBXBuildFile; fileRef = E975C80B16F1A30800AF4AB6 /* LotsTabBarBackground@2x.png */; };
		E975C80E16F1A39300AF4AB6 /* LotsTabBarBackground.png in Resources */ = {isa = PBXBuildFile; fileRef = E975C80D16F1A39300AF4AB6 /* LotsTabBarBackground.png */; };
		E975C81016F221A800AF4AB6 /* LotsTabBarSelectedBG@2x.png in Resources */ = {isa = PBXBuildFile; fileRef = E975C80F16F221A800AF4AB6 /* LotsTabBarSelectedBG@2x.png */; };
		E975C81316F2274F00AF4AB6 /* LSCheckInCell.m in Sources */ = {isa = PBXBuildFile; fileRef = E975C81216F2274F00AF4AB6 /* LSCheckInCell.m */; };
		E975C81516F2275F00AF4AB6 /* LSCheckInCell.xib in Resources */ = {isa = PBXBuildFile; fileRef = E975C81416F2275F00AF4AB6 /* LSCheckInCell.xib */; };
		E975C81816F24AEC00AF4AB6 /* back_arrow.png in Resources */ = {isa = PBXBuildFile; fileRef = E975C81616F24AEC00AF4AB6 /* back_arrow.png */; };
		E975C81916F24AEC00AF4AB6 /* back_arrow@2x.png in Resources */ = {isa = PBXBuildFile; fileRef = E975C81716F24AEC00AF4AB6 /* back_arrow@2x.png */; };
		E975C81C16F2D3D900AF4AB6 /* Icon.png in Resources */ = {isa = PBXBuildFile; fileRef = E975C81A16F2D3D900AF4AB6 /* Icon.png */; };
		E975C81D16F2D3D900AF4AB6 /* Icon@2x.png in Resources */ = {isa = PBXBuildFile; fileRef = E975C81B16F2D3D900AF4AB6 /* Icon@2x.png */; };
		E975C82016F3638D00AF4AB6 /* LotMapViewController.m in Sources */ = {isa = PBXBuildFile; fileRef = E975C81F16F3638D00AF4AB6 /* LotMapViewController.m */; };
		E975C82416F37E6000AF4AB6 /* MapLotViewController.m in Sources */ = {isa = PBXBuildFile; fileRef = E975C82216F37E6000AF4AB6 /* MapLotViewController.m */; };
		E975C82516F37E6000AF4AB6 /* MapLotViewController.xib in Resources */ = {isa = PBXBuildFile; fileRef = E975C82316F37E6000AF4AB6 /* MapLotViewController.xib */; };
		E975C82C16F3B79100AF4AB6 /* gray_button.png in Resources */ = {isa = PBXBuildFile; fileRef = E975C82A16F3B79100AF4AB6 /* gray_button.png */; };
		E975C82D16F3B79100AF4AB6 /* gray_button@2x.png in Resources */ = {isa = PBXBuildFile; fileRef = E975C82B16F3B79100AF4AB6 /* gray_button@2x.png */; };
		E975C83016F3C15A00AF4AB6 /* magnifier.png in Resources */ = {isa = PBXBuildFile; fileRef = E975C82E16F3C15A00AF4AB6 /* magnifier.png */; };
		E975C83116F3C15A00AF4AB6 /* magnifier@2x.png in Resources */ = {isa = PBXBuildFile; fileRef = E975C82F16F3C15A00AF4AB6 /* magnifier@2x.png */; };
		E975C83416F3C3E500AF4AB6 /* flag.png in Resources */ = {isa = PBXBuildFile; fileRef = E975C83216F3C3E500AF4AB6 /* flag.png */; };
		E975C83516F3C3E500AF4AB6 /* flag@2x.png in Resources */ = {isa = PBXBuildFile; fileRef = E975C83316F3C3E500AF4AB6 /* flag@2x.png */; };
		E975C83816F3D39D00AF4AB6 /* navBG.png in Resources */ = {isa = PBXBuildFile; fileRef = E975C83616F3D39D00AF4AB6 /* navBG.png */; };
		E975C83916F3D39D00AF4AB6 /* navBG@2x.png in Resources */ = {isa = PBXBuildFile; fileRef = E975C83716F3D39D00AF4AB6 /* navBG@2x.png */; };
		E975C83C16F3D45000AF4AB6 /* car@2x.png in Resources */ = {isa = PBXBuildFile; fileRef = E975C83A16F3D45000AF4AB6 /* car@2x.png */; };
		E975C83D16F3D45000AF4AB6 /* car.png in Resources */ = {isa = PBXBuildFile; fileRef = E975C83B16F3D45000AF4AB6 /* car.png */; };
		E975C84016F3D65B00AF4AB6 /* navCenter.png in Resources */ = {isa = PBXBuildFile; fileRef = E975C83E16F3D65B00AF4AB6 /* navCenter.png */; };
		E975C84116F3D65B00AF4AB6 /* navCenter@2x.png in Resources */ = {isa = PBXBuildFile; fileRef = E975C83F16F3D65B00AF4AB6 /* navCenter@2x.png */; };
		E975C84416F3E62800AF4AB6 /* header_icon.png in Resources */ = {isa = PBXBuildFile; fileRef = E975C84216F3E62800AF4AB6 /* header_icon.png */; };
		E975C84516F3E62800AF4AB6 /* header_icon@2x.png in Resources */ = {isa = PBXBuildFile; fileRef = E975C84316F3E62800AF4AB6 /* header_icon@2x.png */; };
		E975C84816F3E8AA00AF4AB6 /* header_icon_solid.png in Resources */ = {isa = PBXBuildFile; fileRef = E975C84616F3E8AA00AF4AB6 /* header_icon_solid.png */; };
		E975C84916F3E8AA00AF4AB6 /* header_icon_solid@2x.png in Resources */ = {isa = PBXBuildFile; fileRef = E975C84716F3E8AA00AF4AB6 /* header_icon_solid@2x.png */; };
		E975C84E16F3F32F00AF4AB6 /* AchievementsViewController.m in Sources */ = {isa = PBXBuildFile; fileRef = E975C84C16F3F32F00AF4AB6 /* AchievementsViewController.m */; };
		E975C84F16F3F32F00AF4AB6 /* AchievementsViewController.xib in Resources */ = {isa = PBXBuildFile; fileRef = E975C84D16F3F32F00AF4AB6 /* AchievementsViewController.xib */; };
		E975C85916F3FE6D00AF4AB6 /* ach_1.png in Resources */ = {isa = PBXBuildFile; fileRef = E975C85116F3FE6D00AF4AB6 /* ach_1.png */; };
		E975C85A16F3FE6D00AF4AB6 /* ach_1@2x.png in Resources */ = {isa = PBXBuildFile; fileRef = E975C85216F3FE6D00AF4AB6 /* ach_1@2x.png */; };
		E975C85B16F3FE6D00AF4AB6 /* ach_5.png in Resources */ = {isa = PBXBuildFile; fileRef = E975C85316F3FE6D00AF4AB6 /* ach_5.png */; };
		E975C85C16F3FE6D00AF4AB6 /* ach_5@2x.png in Resources */ = {isa = PBXBuildFile; fileRef = E975C85416F3FE6D00AF4AB6 /* ach_5@2x.png */; };
		E975C85D16F3FE6D00AF4AB6 /* ach_10.png in Resources */ = {isa = PBXBuildFile; fileRef = E975C85516F3FE6D00AF4AB6 /* ach_10.png */; };
		E975C85E16F3FE6D00AF4AB6 /* ach_10@2x.png in Resources */ = {isa = PBXBuildFile; fileRef = E975C85616F3FE6D00AF4AB6 /* ach_10@2x.png */; };
		E975C85F16F3FE6D00AF4AB6 /* ach_bg.png in Resources */ = {isa = PBXBuildFile; fileRef = E975C85716F3FE6D00AF4AB6 /* ach_bg.png */; };
		E975C86016F3FE6D00AF4AB6 /* ach_bg@2x.png in Resources */ = {isa = PBXBuildFile; fileRef = E975C85816F3FE6D00AF4AB6 /* ach_bg@2x.png */; };
		E9B2F09616EE4C6100976D0E /* UIKit.framework in Frameworks */ = {isa = PBXBuildFile; fileRef = E9B2F09516EE4C6100976D0E /* UIKit.framework */; };
		E9B2F09816EE4C6100976D0E /* Foundation.framework in Frameworks */ = {isa = PBXBuildFile; fileRef = E9B2F09716EE4C6100976D0E /* Foundation.framework */; };
		E9B2F09A16EE4C6100976D0E /* CoreGraphics.framework in Frameworks */ = {isa = PBXBuildFile; fileRef = E9B2F09916EE4C6100976D0E /* CoreGraphics.framework */; };
		E9B2F0A016EE4C6100976D0E /* InfoPlist.strings in Resources */ = {isa = PBXBuildFile; fileRef = E9B2F09E16EE4C6100976D0E /* InfoPlist.strings */; };
		E9B2F0A216EE4C6100976D0E /* main.m in Sources */ = {isa = PBXBuildFile; fileRef = E9B2F0A116EE4C6100976D0E /* main.m */; };
		E9B2F0A616EE4C6100976D0E /* AppDelegate.m in Sources */ = {isa = PBXBuildFile; fileRef = E9B2F0A516EE4C6100976D0E /* AppDelegate.m */; };
		E9B2F0A816EE4C6100976D0E /* Default.png in Resources */ = {isa = PBXBuildFile; fileRef = E9B2F0A716EE4C6100976D0E /* Default.png */; };
		E9B2F0AA16EE4C6100976D0E /* Default@2x.png in Resources */ = {isa = PBXBuildFile; fileRef = E9B2F0A916EE4C6100976D0E /* Default@2x.png */; };
		E9B2F0AC16EE4C6100976D0E /* Default-568h@2x.png in Resources */ = {isa = PBXBuildFile; fileRef = E9B2F0AB16EE4C6100976D0E /* Default-568h@2x.png */; };
		E9B2F0AF16EE4C6100976D0E /* FirstViewController.m in Sources */ = {isa = PBXBuildFile; fileRef = E9B2F0AE16EE4C6100976D0E /* FirstViewController.m */; };
		E9B2F0B116EE4C6100976D0E /* first.png in Resources */ = {isa = PBXBuildFile; fileRef = E9B2F0B016EE4C6100976D0E /* first.png */; };
		E9B2F0B316EE4C6100976D0E /* first@2x.png in Resources */ = {isa = PBXBuildFile; fileRef = E9B2F0B216EE4C6100976D0E /* first@2x.png */; };
		E9B2F0B616EE4C6100976D0E /* SecondViewController.m in Sources */ = {isa = PBXBuildFile; fileRef = E9B2F0B516EE4C6100976D0E /* SecondViewController.m */; };
		E9B2F0B816EE4C6100976D0E /* second.png in Resources */ = {isa = PBXBuildFile; fileRef = E9B2F0B716EE4C6100976D0E /* second.png */; };
		E9B2F0BA16EE4C6100976D0E /* second@2x.png in Resources */ = {isa = PBXBuildFile; fileRef = E9B2F0B916EE4C6100976D0E /* second@2x.png */; };
		E9B2F0BD16EE4C6100976D0E /* FirstViewController.xib in Resources */ = {isa = PBXBuildFile; fileRef = E9B2F0BB16EE4C6100976D0E /* FirstViewController.xib */; };
		E9B2F0C016EE4C6100976D0E /* SecondViewController.xib in Resources */ = {isa = PBXBuildFile; fileRef = E9B2F0BE16EE4C6100976D0E /* SecondViewController.xib */; };
		E9B2F0CC16EE54EF00976D0E /* didact_gothic.ttf in Resources */ = {isa = PBXBuildFile; fileRef = E9B2F0CB16EE54EF00976D0E /* didact_gothic.ttf */; };
		E9B2F0D116EE553400976D0E /* Theme.m in Sources */ = {isa = PBXBuildFile; fileRef = E9B2F0CE16EE553400976D0E /* Theme.m */; };
		E9B2F0D216EE553400976D0E /* RITTheme.m in Sources */ = {isa = PBXBuildFile; fileRef = E9B2F0D016EE553400976D0E /* RITTheme.m */; };
		E9B2F11016EE5DD100976D0E /* AFLotsAPIClient.m in Sources */ = {isa = PBXBuildFile; fileRef = E9B2F10F16EE5DD100976D0E /* AFLotsAPIClient.m */; };
		E9B2F11416EE61C000976D0E /* LocationManager.m in Sources */ = {isa = PBXBuildFile; fileRef = E9B2F11316EE61C000976D0E /* LocationManager.m */; };
		E9B2F11616EE661900976D0E /* CoreLocation.framework in Frameworks */ = {isa = PBXBuildFile; fileRef = E9B2F11516EE661900976D0E /* CoreLocation.framework */; };
		E9B2F11A16EE6B0B00976D0E /* Notifications.m in Sources */ = {isa = PBXBuildFile; fileRef = E9B2F11916EE6B0B00976D0E /* Notifications.m */; };
		E9B2F11D16EFB30900976D0E /* ExploreLots.m in Sources */ = {isa = PBXBuildFile; fileRef = E9B2F11C16EFB30900976D0E /* ExploreLots.m */; };
		E9B2F12116EFFD2700976D0E /* MBProgressHUD.m in Sources */ = {isa = PBXBuildFile; fileRef = E9B2F12016EFFD2700976D0E /* MBProgressHUD.m */; };
		E9B2F12316EFFF0700976D0E /* QuartzCore.framework in Frameworks */ = {isa = PBXBuildFile; fileRef = E9B2F12216EFFF0700976D0E /* QuartzCore.framework */; };
		E9B2F12716F01E6200976D0E /* CheckInViewController.m in Sources */ = {isa = PBXBuildFile; fileRef = E9B2F12516F01E6200976D0E /* CheckInViewController.m */; };
		E9B2F12816F01E6200976D0E /* CheckInViewController.xib in Resources */ = {isa = PBXBuildFile; fileRef = E9B2F12616F01E6200976D0E /* CheckInViewController.xib */; };
		E9B2F12A16F0206100976D0E /* MapKit.framework in Frameworks */ = {isa = PBXBuildFile; fileRef = E9B2F12916F0206100976D0E /* MapKit.framework */; };
		E9B2F12E16F030A000976D0E /* LotAnnotation.m in Sources */ = {isa = PBXBuildFile; fileRef = E9B2F12D16F030A000976D0E /* LotAnnotation.m */; };
		E9B2F13116F0418500976D0E /* CheckInLot.m in Sources */ = {isa = PBXBuildFile; fileRef = E9B2F13016F0418500976D0E /* CheckInLot.m */; };
		E9B2F13416F0FE8000976D0E /* LSExploreLotCell.m in Sources */ = {isa = PBXBuildFile; fileRef = E9B2F13316F0FE8000976D0E /* LSExploreLotCell.m */; };
		E9B2F13616F0FE9200976D0E /* LSExploreLotCell.xib in Resources */ = {isa = PBXBuildFile; fileRef = E9B2F13516F0FE9200976D0E /* LSExploreLotCell.xib */; };
		E9B2F13A16F172C700976D0E /* LotDetailViewController.m in Sources */ = {isa = PBXBuildFile; fileRef = E9B2F13816F172C600976D0E /* LotDetailViewController.m */; };
		E9B2F13B16F172C700976D0E /* LotDetailViewController.xib in Resources */ = {isa = PBXBuildFile; fileRef = E9B2F13916F172C700976D0E /* LotDetailViewController.xib */; };
/* End PBXBuildFile section */

/* Begin PBXFileReference section */
		21B48F20FF2446CC82F0F521 /* libPods.a */ = {isa = PBXFileReference; explicitFileType = archive.ar; includeInIndex = 0; path = libPods.a; sourceTree = BUILT_PRODUCTS_DIR; };
		4AD52480A6C54F208D21A4F7 /* Pods.xcconfig */ = {isa = PBXFileReference; includeInIndex = 1; lastKnownFileType = text.xcconfig; name = Pods.xcconfig; path = Pods/Pods.xcconfig; sourceTree = SOURCE_ROOT; };
		E975C80B16F1A30800AF4AB6 /* LotsTabBarBackground@2x.png */ = {isa = PBXFileReference; lastKnownFileType = image.png; name = "LotsTabBarBackground@2x.png"; path = "lots/LotsTabBarBackground@2x.png"; sourceTree = "<group>"; };
		E975C80D16F1A39300AF4AB6 /* LotsTabBarBackground.png */ = {isa = PBXFileReference; lastKnownFileType = image.png; name = LotsTabBarBackground.png; path = lots/LotsTabBarBackground.png; sourceTree = "<group>"; };
		E975C80F16F221A800AF4AB6 /* LotsTabBarSelectedBG@2x.png */ = {isa = PBXFileReference; lastKnownFileType = image.png; name = "LotsTabBarSelectedBG@2x.png"; path = "lots/LotsTabBarSelectedBG@2x.png"; sourceTree = "<group>"; };
		E975C81116F2274F00AF4AB6 /* LSCheckInCell.h */ = {isa = PBXFileReference; fileEncoding = 4; lastKnownFileType = sourcecode.c.h; path = LSCheckInCell.h; sourceTree = "<group>"; };
		E975C81216F2274F00AF4AB6 /* LSCheckInCell.m */ = {isa = PBXFileReference; fileEncoding = 4; lastKnownFileType = sourcecode.c.objc; path = LSCheckInCell.m; sourceTree = "<group>"; };
		E975C81416F2275F00AF4AB6 /* LSCheckInCell.xib */ = {isa = PBXFileReference; fileEncoding = 4; lastKnownFileType = file.xib; path = LSCheckInCell.xib; sourceTree = "<group>"; };
		E975C81616F24AEC00AF4AB6 /* back_arrow.png */ = {isa = PBXFileReference; lastKnownFileType = image.png; path = back_arrow.png; sourceTree = "<group>"; };
		E975C81716F24AEC00AF4AB6 /* back_arrow@2x.png */ = {isa = PBXFileReference; lastKnownFileType = image.png; path = "back_arrow@2x.png"; sourceTree = "<group>"; };
		E975C81A16F2D3D900AF4AB6 /* Icon.png */ = {isa = PBXFileReference; lastKnownFileType = image.png; path = Icon.png; sourceTree = "<group>"; };
		E975C81B16F2D3D900AF4AB6 /* Icon@2x.png */ = {isa = PBXFileReference; lastKnownFileType = image.png; path = "Icon@2x.png"; sourceTree = "<group>"; };
		E975C81E16F3638D00AF4AB6 /* LotMapViewController.h */ = {isa = PBXFileReference; fileEncoding = 4; lastKnownFileType = sourcecode.c.h; path = LotMapViewController.h; sourceTree = "<group>"; };
		E975C81F16F3638D00AF4AB6 /* LotMapViewController.m */ = {isa = PBXFileReference; fileEncoding = 4; lastKnownFileType = sourcecode.c.objc; path = LotMapViewController.m; sourceTree = "<group>"; };
		E975C82116F37E6000AF4AB6 /* MapLotViewController.h */ = {isa = PBXFileReference; fileEncoding = 4; lastKnownFileType = sourcecode.c.h; path = MapLotViewController.h; sourceTree = "<group>"; };
		E975C82216F37E6000AF4AB6 /* MapLotViewController.m */ = {isa = PBXFileReference; fileEncoding = 4; lastKnownFileType = sourcecode.c.objc; path = MapLotViewController.m; sourceTree = "<group>"; };
		E975C82316F37E6000AF4AB6 /* MapLotViewController.xib */ = {isa = PBXFileReference; fileEncoding = 4; lastKnownFileType = file.xib; path = MapLotViewController.xib; sourceTree = "<group>"; };
		E975C82A16F3B79100AF4AB6 /* gray_button.png */ = {isa = PBXFileReference; lastKnownFileType = image.png; path = gray_button.png; sourceTree = "<group>"; };
		E975C82B16F3B79100AF4AB6 /* gray_button@2x.png */ = {isa = PBXFileReference; lastKnownFileType = image.png; path = "gray_button@2x.png"; sourceTree = "<group>"; };
		E975C82E16F3C15A00AF4AB6 /* magnifier.png */ = {isa = PBXFileReference; lastKnownFileType = image.png; path = magnifier.png; sourceTree = "<group>"; };
		E975C82F16F3C15A00AF4AB6 /* magnifier@2x.png */ = {isa = PBXFileReference; lastKnownFileType = image.png; path = "magnifier@2x.png"; sourceTree = "<group>"; };
		E975C83216F3C3E500AF4AB6 /* flag.png */ = {isa = PBXFileReference; lastKnownFileType = image.png; path = flag.png; sourceTree = "<group>"; };
		E975C83316F3C3E500AF4AB6 /* flag@2x.png */ = {isa = PBXFileReference; lastKnownFileType = image.png; path = "flag@2x.png"; sourceTree = "<group>"; };
		E975C83616F3D39D00AF4AB6 /* navBG.png */ = {isa = PBXFileReference; lastKnownFileType = image.png; path = navBG.png; sourceTree = "<group>"; };
		E975C83716F3D39D00AF4AB6 /* navBG@2x.png */ = {isa = PBXFileReference; lastKnownFileType = image.png; path = "navBG@2x.png"; sourceTree = "<group>"; };
		E975C83A16F3D45000AF4AB6 /* car@2x.png */ = {isa = PBXFileReference; lastKnownFileType = image.png; path = "car@2x.png"; sourceTree = "<group>"; };
		E975C83B16F3D45000AF4AB6 /* car.png */ = {isa = PBXFileReference; lastKnownFileType = image.png; path = car.png; sourceTree = "<group>"; };
		E975C83E16F3D65B00AF4AB6 /* navCenter.png */ = {isa = PBXFileReference; lastKnownFileType = image.png; path = navCenter.png; sourceTree = "<group>"; };
		E975C83F16F3D65B00AF4AB6 /* navCenter@2x.png */ = {isa = PBXFileReference; lastKnownFileType = image.png; path = "navCenter@2x.png"; sourceTree = "<group>"; };
		E975C84216F3E62800AF4AB6 /* header_icon.png */ = {isa = PBXFileReference; lastKnownFileType = image.png; path = header_icon.png; sourceTree = "<group>"; };
		E975C84316F3E62800AF4AB6 /* header_icon@2x.png */ = {isa = PBXFileReference; lastKnownFileType = image.png; path = "header_icon@2x.png"; sourceTree = "<group>"; };
		E975C84616F3E8AA00AF4AB6 /* header_icon_solid.png */ = {isa = PBXFileReference; lastKnownFileType = image.png; path = header_icon_solid.png; sourceTree = "<group>"; };
		E975C84716F3E8AA00AF4AB6 /* header_icon_solid@2x.png */ = {isa = PBXFileReference; lastKnownFileType = image.png; path = "header_icon_solid@2x.png"; sourceTree = "<group>"; };
		E975C84B16F3F32F00AF4AB6 /* AchievementsViewController.h */ = {isa = PBXFileReference; fileEncoding = 4; lastKnownFileType = sourcecode.c.h; path = AchievementsViewController.h; sourceTree = "<group>"; };
		E975C84C16F3F32F00AF4AB6 /* AchievementsViewController.m */ = {isa = PBXFileReference; fileEncoding = 4; lastKnownFileType = sourcecode.c.objc; path = AchievementsViewController.m; sourceTree = "<group>"; };
		E975C84D16F3F32F00AF4AB6 /* AchievementsViewController.xib */ = {isa = PBXFileReference; fileEncoding = 4; lastKnownFileType = file.xib; path = AchievementsViewController.xib; sourceTree = "<group>"; };
		E975C85116F3FE6D00AF4AB6 /* ach_1.png */ = {isa = PBXFileReference; lastKnownFileType = image.png; path = ach_1.png; sourceTree = "<group>"; };
		E975C85216F3FE6D00AF4AB6 /* ach_1@2x.png */ = {isa = PBXFileReference; lastKnownFileType = image.png; path = "ach_1@2x.png"; sourceTree = "<group>"; };
		E975C85316F3FE6D00AF4AB6 /* ach_5.png */ = {isa = PBXFileReference; lastKnownFileType = image.png; path = ach_5.png; sourceTree = "<group>"; };
		E975C85416F3FE6D00AF4AB6 /* ach_5@2x.png */ = {isa = PBXFileReference; lastKnownFileType = image.png; path = "ach_5@2x.png"; sourceTree = "<group>"; };
		E975C85516F3FE6D00AF4AB6 /* ach_10.png */ = {isa = PBXFileReference; lastKnownFileType = image.png; path = ach_10.png; sourceTree = "<group>"; };
		E975C85616F3FE6D00AF4AB6 /* ach_10@2x.png */ = {isa = PBXFileReference; lastKnownFileType = image.png; path = "ach_10@2x.png"; sourceTree = "<group>"; };
		E975C85716F3FE6D00AF4AB6 /* ach_bg.png */ = {isa = PBXFileReference; lastKnownFileType = image.png; path = ach_bg.png; sourceTree = "<group>"; };
		E975C85816F3FE6D00AF4AB6 /* ach_bg@2x.png */ = {isa = PBXFileReference; lastKnownFileType = image.png; path = "ach_bg@2x.png"; sourceTree = "<group>"; };
		E9B2F09216EE4C6100976D0E /* lots.app */ = {isa = PBXFileReference; explicitFileType = wrapper.application; includeInIndex = 0; path = lots.app; sourceTree = BUILT_PRODUCTS_DIR; };
		E9B2F09516EE4C6100976D0E /* UIKit.framework */ = {isa = PBXFileReference; lastKnownFileType = wrapper.framework; name = UIKit.framework; path = System/Library/Frameworks/UIKit.framework; sourceTree = SDKROOT; };
		E9B2F09716EE4C6100976D0E /* Foundation.framework */ = {isa = PBXFileReference; lastKnownFileType = wrapper.framework; name = Foundation.framework; path = System/Library/Frameworks/Foundation.framework; sourceTree = SDKROOT; };
		E9B2F09916EE4C6100976D0E /* CoreGraphics.framework */ = {isa = PBXFileReference; lastKnownFileType = wrapper.framework; name = CoreGraphics.framework; path = System/Library/Frameworks/CoreGraphics.framework; sourceTree = SDKROOT; };
		E9B2F09D16EE4C6100976D0E /* lots-Info.plist */ = {isa = PBXFileReference; lastKnownFileType = text.plist.xml; path = "lots-Info.plist"; sourceTree = "<group>"; };
		E9B2F09F16EE4C6100976D0E /* en */ = {isa = PBXFileReference; lastKnownFileType = text.plist.strings; name = en; path = en.lproj/InfoPlist.strings; sourceTree = "<group>"; };
		E9B2F0A116EE4C6100976D0E /* main.m */ = {isa = PBXFileReference; lastKnownFileType = sourcecode.c.objc; path = main.m; sourceTree = "<group>"; };
		E9B2F0A316EE4C6100976D0E /* lots-Prefix.pch */ = {isa = PBXFileReference; lastKnownFileType = sourcecode.c.h; path = "lots-Prefix.pch"; sourceTree = "<group>"; };
		E9B2F0A416EE4C6100976D0E /* AppDelegate.h */ = {isa = PBXFileReference; lastKnownFileType = sourcecode.c.h; path = AppDelegate.h; sourceTree = "<group>"; };
		E9B2F0A516EE4C6100976D0E /* AppDelegate.m */ = {isa = PBXFileReference; lastKnownFileType = sourcecode.c.objc; path = AppDelegate.m; sourceTree = "<group>"; };
		E9B2F0A716EE4C6100976D0E /* Default.png */ = {isa = PBXFileReference; lastKnownFileType = image.png; path = Default.png; sourceTree = "<group>"; };
		E9B2F0A916EE4C6100976D0E /* Default@2x.png */ = {isa = PBXFileReference; lastKnownFileType = image.png; path = "Default@2x.png"; sourceTree = "<group>"; };
		E9B2F0AB16EE4C6100976D0E /* Default-568h@2x.png */ = {isa = PBXFileReference; lastKnownFileType = image.png; path = "Default-568h@2x.png"; sourceTree = "<group>"; };
		E9B2F0AD16EE4C6100976D0E /* FirstViewController.h */ = {isa = PBXFileReference; lastKnownFileType = sourcecode.c.h; path = FirstViewController.h; sourceTree = "<group>"; };
		E9B2F0AE16EE4C6100976D0E /* FirstViewController.m */ = {isa = PBXFileReference; lastKnownFileType = sourcecode.c.objc; path = FirstViewController.m; sourceTree = "<group>"; };
		E9B2F0B016EE4C6100976D0E /* first.png */ = {isa = PBXFileReference; lastKnownFileType = image.png; path = first.png; sourceTree = "<group>"; };
		E9B2F0B216EE4C6100976D0E /* first@2x.png */ = {isa = PBXFileReference; lastKnownFileType = image.png; path = "first@2x.png"; sourceTree = "<group>"; };
		E9B2F0B416EE4C6100976D0E /* SecondViewController.h */ = {isa = PBXFileReference; lastKnownFileType = sourcecode.c.h; path = SecondViewController.h; sourceTree = "<group>"; };
		E9B2F0B516EE4C6100976D0E /* SecondViewController.m */ = {isa = PBXFileReference; lastKnownFileType = sourcecode.c.objc; path = SecondViewController.m; sourceTree = "<group>"; };
		E9B2F0B716EE4C6100976D0E /* second.png */ = {isa = PBXFileReference; lastKnownFileType = image.png; path = second.png; sourceTree = "<group>"; };
		E9B2F0B916EE4C6100976D0E /* second@2x.png */ = {isa = PBXFileReference; lastKnownFileType = image.png; path = "second@2x.png"; sourceTree = "<group>"; };
		E9B2F0BC16EE4C6100976D0E /* en */ = {isa = PBXFileReference; lastKnownFileType = file.xib; name = en; path = en.lproj/FirstViewController.xib; sourceTree = "<group>"; };
		E9B2F0BF16EE4C6100976D0E /* en */ = {isa = PBXFileReference; lastKnownFileType = file.xib; name = en; path = en.lproj/SecondViewController.xib; sourceTree = "<group>"; };
		E9B2F0CB16EE54EF00976D0E /* didact_gothic.ttf */ = {isa = PBXFileReference; lastKnownFileType = file; name = didact_gothic.ttf; path = lots/fonts/didact_gothic.ttf; sourceTree = "<group>"; };
		E9B2F0CD16EE553400976D0E /* Theme.h */ = {isa = PBXFileReference; fileEncoding = 4; lastKnownFileType = sourcecode.c.h; path = Theme.h; sourceTree = "<group>"; };
		E9B2F0CE16EE553400976D0E /* Theme.m */ = {isa = PBXFileReference; fileEncoding = 4; lastKnownFileType = sourcecode.c.objc; path = Theme.m; sourceTree = "<group>"; };
		E9B2F0CF16EE553400976D0E /* RITTheme.h */ = {isa = PBXFileReference; fileEncoding = 4; lastKnownFileType = sourcecode.c.h; path = RITTheme.h; sourceTree = "<group>"; };
		E9B2F0D016EE553400976D0E /* RITTheme.m */ = {isa = PBXFileReference; fileEncoding = 4; lastKnownFileType = sourcecode.c.objc; path = RITTheme.m; sourceTree = "<group>"; };
		E9B2F10E16EE5DD100976D0E /* AFLotsAPIClient.h */ = {isa = PBXFileReference; fileEncoding = 4; lastKnownFileType = sourcecode.c.h; path = AFLotsAPIClient.h; sourceTree = "<group>"; };
		E9B2F10F16EE5DD100976D0E /* AFLotsAPIClient.m */ = {isa = PBXFileReference; fileEncoding = 4; lastKnownFileType = sourcecode.c.objc; path = AFLotsAPIClient.m; sourceTree = "<group>"; };
		E9B2F11216EE61C000976D0E /* LocationManager.h */ = {isa = PBXFileReference; fileEncoding = 4; lastKnownFileType = sourcecode.c.h; path = LocationManager.h; sourceTree = "<group>"; };
		E9B2F11316EE61C000976D0E /* LocationManager.m */ = {isa = PBXFileReference; fileEncoding = 4; lastKnownFileType = sourcecode.c.objc; path = LocationManager.m; sourceTree = "<group>"; };
		E9B2F11516EE661900976D0E /* CoreLocation.framework */ = {isa = PBXFileReference; lastKnownFileType = wrapper.framework; name = CoreLocation.framework; path = System/Library/Frameworks/CoreLocation.framework; sourceTree = SDKROOT; };
		E9B2F11816EE6B0B00976D0E /* Notifications.h */ = {isa = PBXFileReference; fileEncoding = 4; lastKnownFileType = sourcecode.c.h; path = Notifications.h; sourceTree = "<group>"; };
		E9B2F11916EE6B0B00976D0E /* Notifications.m */ = {isa = PBXFileReference; fileEncoding = 4; lastKnownFileType = sourcecode.c.objc; path = Notifications.m; sourceTree = "<group>"; };
		E9B2F11B16EFB30900976D0E /* ExploreLots.h */ = {isa = PBXFileReference; fileEncoding = 4; lastKnownFileType = sourcecode.c.h; path = ExploreLots.h; sourceTree = "<group>"; };
		E9B2F11C16EFB30900976D0E /* ExploreLots.m */ = {isa = PBXFileReference; fileEncoding = 4; lastKnownFileType = sourcecode.c.objc; path = ExploreLots.m; sourceTree = "<group>"; };
		E9B2F11F16EFFD2700976D0E /* MBProgressHUD.h */ = {isa = PBXFileReference; fileEncoding = 4; lastKnownFileType = sourcecode.c.h; path = MBProgressHUD.h; sourceTree = "<group>"; };
		E9B2F12016EFFD2700976D0E /* MBProgressHUD.m */ = {isa = PBXFileReference; fileEncoding = 4; lastKnownFileType = sourcecode.c.objc; path = MBProgressHUD.m; sourceTree = "<group>"; };
		E9B2F12216EFFF0700976D0E /* QuartzCore.framework */ = {isa = PBXFileReference; lastKnownFileType = wrapper.framework; name = QuartzCore.framework; path = System/Library/Frameworks/QuartzCore.framework; sourceTree = SDKROOT; };
		E9B2F12416F01E6200976D0E /* CheckInViewController.h */ = {isa = PBXFileReference; fileEncoding = 4; lastKnownFileType = sourcecode.c.h; path = CheckInViewController.h; sourceTree = "<group>"; };
		E9B2F12516F01E6200976D0E /* CheckInViewController.m */ = {isa = PBXFileReference; fileEncoding = 4; lastKnownFileType = sourcecode.c.objc; path = CheckInViewController.m; sourceTree = "<group>"; };
		E9B2F12616F01E6200976D0E /* CheckInViewController.xib */ = {isa = PBXFileReference; fileEncoding = 4; lastKnownFileType = file.xib; path = CheckInViewController.xib; sourceTree = "<group>"; };
		E9B2F12916F0206100976D0E /* MapKit.framework */ = {isa = PBXFileReference; lastKnownFileType = wrapper.framework; name = MapKit.framework; path = System/Library/Frameworks/MapKit.framework; sourceTree = SDKROOT; };
		E9B2F12C16F030A000976D0E /* LotAnnotation.h */ = {isa = PBXFileReference; fileEncoding = 4; lastKnownFileType = sourcecode.c.h; path = LotAnnotation.h; sourceTree = "<group>"; };
		E9B2F12D16F030A000976D0E /* LotAnnotation.m */ = {isa = PBXFileReference; fileEncoding = 4; lastKnownFileType = sourcecode.c.objc; path = LotAnnotation.m; sourceTree = "<group>"; };
		E9B2F12F16F0418500976D0E /* CheckInLot.h */ = {isa = PBXFileReference; fileEncoding = 4; lastKnownFileType = sourcecode.c.h; path = CheckInLot.h; sourceTree = "<group>"; };
		E9B2F13016F0418500976D0E /* CheckInLot.m */ = {isa = PBXFileReference; fileEncoding = 4; lastKnownFileType = sourcecode.c.objc; path = CheckInLot.m; sourceTree = "<group>"; };
		E9B2F13216F0FE8000976D0E /* LSExploreLotCell.h */ = {isa = PBXFileReference; fileEncoding = 4; lastKnownFileType = sourcecode.c.h; path = LSExploreLotCell.h; sourceTree = "<group>"; };
		E9B2F13316F0FE8000976D0E /* LSExploreLotCell.m */ = {isa = PBXFileReference; fileEncoding = 4; lastKnownFileType = sourcecode.c.objc; path = LSExploreLotCell.m; sourceTree = "<group>"; };
		E9B2F13516F0FE9200976D0E /* LSExploreLotCell.xib */ = {isa = PBXFileReference; fileEncoding = 4; lastKnownFileType = file.xib; path = LSExploreLotCell.xib; sourceTree = "<group>"; };
		E9B2F13716F172C500976D0E /* LotDetailViewController.h */ = {isa = PBXFileReference; fileEncoding = 4; lastKnownFileType = sourcecode.c.h; path = LotDetailViewController.h; sourceTree = "<group>"; };
		E9B2F13816F172C600976D0E /* LotDetailViewController.m */ = {isa = PBXFileReference; fileEncoding = 4; lastKnownFileType = sourcecode.c.objc; path = LotDetailViewController.m; sourceTree = "<group>"; };
		E9B2F13916F172C700976D0E /* LotDetailViewController.xib */ = {isa = PBXFileReference; fileEncoding = 4; lastKnownFileType = file.xib; path = LotDetailViewController.xib; sourceTree = "<group>"; };
/* End PBXFileReference section */

/* Begin PBXFrameworksBuildPhase section */
		E9B2F08F16EE4C6100976D0E /* Frameworks */ = {
			isa = PBXFrameworksBuildPhase;
			buildActionMask = 2147483647;
			files = (
				E9B2F12A16F0206100976D0E /* MapKit.framework in Frameworks */,
				E9B2F12316EFFF0700976D0E /* QuartzCore.framework in Frameworks */,
				E9B2F11616EE661900976D0E /* CoreLocation.framework in Frameworks */,
				E9B2F09616EE4C6100976D0E /* UIKit.framework in Frameworks */,
				E9B2F09816EE4C6100976D0E /* Foundation.framework in Frameworks */,
				E9B2F09A16EE4C6100976D0E /* CoreGraphics.framework in Frameworks */,
				1F9E71B09FA44ADFA67A4EF8 /* libPods.a in Frameworks */,
			);
			runOnlyForDeploymentPostprocessing = 0;
		};
/* End PBXFrameworksBuildPhase section */

/* Begin PBXGroup section */
		E975C84A16F3F2F100AF4AB6 /* achievements */ = {
			isa = PBXGroup;
			children = (
				E975C84B16F3F32F00AF4AB6 /* AchievementsViewController.h */,
				E975C84C16F3F32F00AF4AB6 /* AchievementsViewController.m */,
				E975C84D16F3F32F00AF4AB6 /* AchievementsViewController.xib */,
			);
			name = achievements;
			sourceTree = "<group>";
		};
		E975C85016F3FE5E00AF4AB6 /* achievements */ = {
			isa = PBXGroup;
			children = (
				E975C85116F3FE6D00AF4AB6 /* ach_1.png */,
				E975C85216F3FE6D00AF4AB6 /* ach_1@2x.png */,
				E975C85316F3FE6D00AF4AB6 /* ach_5.png */,
				E975C85416F3FE6D00AF4AB6 /* ach_5@2x.png */,
				E975C85516F3FE6D00AF4AB6 /* ach_10.png */,
				E975C85616F3FE6D00AF4AB6 /* ach_10@2x.png */,
				E975C85716F3FE6D00AF4AB6 /* ach_bg.png */,
				E975C85816F3FE6D00AF4AB6 /* ach_bg@2x.png */,
			);
			name = achievements;
			sourceTree = "<group>";
		};
		E9B2F08916EE4C6100976D0E = {
			isa = PBXGroup;
			children = (
				E9B2F0C816EE512700976D0E /* lots_resources */,
				E9B2F09B16EE4C6100976D0E /* lots_source */,
				E9B2F09416EE4C6100976D0E /* Frameworks */,
				E9B2F09316EE4C6100976D0E /* Products */,
				4AD52480A6C54F208D21A4F7 /* Pods.xcconfig */,
			);
			sourceTree = "<group>";
		};
		E9B2F09316EE4C6100976D0E /* Products */ = {
			isa = PBXGroup;
			children = (
				E9B2F09216EE4C6100976D0E /* lots.app */,
			);
			name = Products;
			sourceTree = "<group>";
		};
		E9B2F09416EE4C6100976D0E /* Frameworks */ = {
			isa = PBXGroup;
			children = (
				E9B2F12916F0206100976D0E /* MapKit.framework */,
				E9B2F12216EFFF0700976D0E /* QuartzCore.framework */,
				E9B2F11516EE661900976D0E /* CoreLocation.framework */,
				E9B2F09516EE4C6100976D0E /* UIKit.framework */,
				E9B2F09716EE4C6100976D0E /* Foundation.framework */,
				E9B2F09916EE4C6100976D0E /* CoreGraphics.framework */,
				21B48F20FF2446CC82F0F521 /* libPods.a */,
			);
			name = Frameworks;
			sourceTree = "<group>";
		};
		E9B2F09B16EE4C6100976D0E /* lots_source */ = {
			isa = PBXGroup;
			children = (
				E975C84A16F3F2F100AF4AB6 /* achievements */,
				E9B2F12B16F0308E00976D0E /* maps */,
				E9B2F11716EE6B0200976D0E /* common */,
				E9B2F11116EE61B800976D0E /* location */,
				E9B2F10D16EE5D7500976D0E /* networking */,
				E9B2F0CA16EE513300976D0E /* visual */,
				E9B2F0A416EE4C6100976D0E /* AppDelegate.h */,
				E9B2F0A516EE4C6100976D0E /* AppDelegate.m */,
				E9B2F0AD16EE4C6100976D0E /* FirstViewController.h */,
				E9B2F0AE16EE4C6100976D0E /* FirstViewController.m */,
				E9B2F0B016EE4C6100976D0E /* first.png */,
				E9B2F0B216EE4C6100976D0E /* first@2x.png */,
				E9B2F0B416EE4C6100976D0E /* SecondViewController.h */,
				E9B2F0B516EE4C6100976D0E /* SecondViewController.m */,
				E9B2F0B716EE4C6100976D0E /* second.png */,
				E9B2F0B916EE4C6100976D0E /* second@2x.png */,
				E9B2F0BB16EE4C6100976D0E /* FirstViewController.xib */,
				E9B2F0BE16EE4C6100976D0E /* SecondViewController.xib */,
				E9B2F09C16EE4C6100976D0E /* Supporting Files */,
				E9B2F12416F01E6200976D0E /* CheckInViewController.h */,
				E9B2F12516F01E6200976D0E /* CheckInViewController.m */,
				E9B2F12616F01E6200976D0E /* CheckInViewController.xib */,
				E9B2F13716F172C500976D0E /* LotDetailViewController.h */,
				E9B2F13816F172C600976D0E /* LotDetailViewController.m */,
				E9B2F13916F172C700976D0E /* LotDetailViewController.xib */,
			);
			name = lots_source;
			path = lots;
			sourceTree = "<group>";
		};
		E9B2F09C16EE4C6100976D0E /* Supporting Files */ = {
			isa = PBXGroup;
			children = (
				E9B2F11E16EFFD1700976D0E /* MBProgressHUD */,
				E9B2F09D16EE4C6100976D0E /* lots-Info.plist */,
				E9B2F09E16EE4C6100976D0E /* InfoPlist.strings */,
				E9B2F0A116EE4C6100976D0E /* main.m */,
				E9B2F0A316EE4C6100976D0E /* lots-Prefix.pch */,
				E9B2F0A716EE4C6100976D0E /* Default.png */,
				E9B2F0A916EE4C6100976D0E /* Default@2x.png */,
				E9B2F0AB16EE4C6100976D0E /* Default-568h@2x.png */,
			);
			name = "Supporting Files";
			sourceTree = "<group>";
		};
		E9B2F0C816EE512700976D0E /* lots_resources */ = {
			isa = PBXGroup;
			children = (
				E975C85016F3FE5E00AF4AB6 /* achievements */,
				E975C84616F3E8AA00AF4AB6 /* header_icon_solid.png */,
				E975C84716F3E8AA00AF4AB6 /* header_icon_solid@2x.png */,
				E975C84216F3E62800AF4AB6 /* header_icon.png */,
				E975C84316F3E62800AF4AB6 /* header_icon@2x.png */,
				E975C83E16F3D65B00AF4AB6 /* navCenter.png */,
				E975C83F16F3D65B00AF4AB6 /* navCenter@2x.png */,
				E975C83A16F3D45000AF4AB6 /* car@2x.png */,
				E975C83B16F3D45000AF4AB6 /* car.png */,
				E975C83616F3D39D00AF4AB6 /* navBG.png */,
				E975C83716F3D39D00AF4AB6 /* navBG@2x.png */,
				E975C83216F3C3E500AF4AB6 /* flag.png */,
				E975C83316F3C3E500AF4AB6 /* flag@2x.png */,
				E975C82E16F3C15A00AF4AB6 /* magnifier.png */,
				E975C82F16F3C15A00AF4AB6 /* magnifier@2x.png */,
				E975C82A16F3B79100AF4AB6 /* gray_button.png */,
				E975C82B16F3B79100AF4AB6 /* gray_button@2x.png */,
				E975C81A16F2D3D900AF4AB6 /* Icon.png */,
				E975C81B16F2D3D900AF4AB6 /* Icon@2x.png */,
				E975C81616F24AEC00AF4AB6 /* back_arrow.png */,
				E975C81716F24AEC00AF4AB6 /* back_arrow@2x.png */,
				E975C80D16F1A39300AF4AB6 /* LotsTabBarBackground.png */,
				E975C80B16F1A30800AF4AB6 /* LotsTabBarBackground@2x.png */,
				E975C80F16F221A800AF4AB6 /* LotsTabBarSelectedBG@2x.png */,
				E9B2F0C916EE512F00976D0E /* fonts */,
			);
			name = lots_resources;
			sourceTree = "<group>";
		};
		E9B2F0C916EE512F00976D0E /* fonts */ = {
			isa = PBXGroup;
			children = (
				E9B2F0CB16EE54EF00976D0E /* didact_gothic.ttf */,
			);
			name = fonts;
			sourceTree = "<group>";
		};
		E9B2F0CA16EE513300976D0E /* visual */ = {
			isa = PBXGroup;
			children = (
				E9B2F0CD16EE553400976D0E /* Theme.h */,
				E9B2F0CE16EE553400976D0E /* Theme.m */,
				E9B2F0CF16EE553400976D0E /* RITTheme.h */,
				E9B2F0D016EE553400976D0E /* RITTheme.m */,
				E9B2F13216F0FE8000976D0E /* LSExploreLotCell.h */,
				E9B2F13316F0FE8000976D0E /* LSExploreLotCell.m */,
				E9B2F13516F0FE9200976D0E /* LSExploreLotCell.xib */,
				E975C81116F2274F00AF4AB6 /* LSCheckInCell.h */,
				E975C81216F2274F00AF4AB6 /* LSCheckInCell.m */,
				E975C81416F2275F00AF4AB6 /* LSCheckInCell.xib */,
			);
			name = visual;
			sourceTree = "<group>";
		};
		E9B2F10D16EE5D7500976D0E /* networking */ = {
			isa = PBXGroup;
			children = (
				E9B2F10E16EE5DD100976D0E /* AFLotsAPIClient.h */,
				E9B2F10F16EE5DD100976D0E /* AFLotsAPIClient.m */,
				E9B2F11B16EFB30900976D0E /* ExploreLots.h */,
				E9B2F11C16EFB30900976D0E /* ExploreLots.m */,
				E9B2F12F16F0418500976D0E /* CheckInLot.h */,
				E9B2F13016F0418500976D0E /* CheckInLot.m */,
			);
			name = networking;
			sourceTree = "<group>";
		};
		E9B2F11116EE61B800976D0E /* location */ = {
			isa = PBXGroup;
			children = (
				E9B2F11216EE61C000976D0E /* LocationManager.h */,
				E9B2F11316EE61C000976D0E /* LocationManager.m */,
			);
			name = location;
			sourceTree = "<group>";
		};
		E9B2F11716EE6B0200976D0E /* common */ = {
			isa = PBXGroup;
			children = (
				E9B2F11816EE6B0B00976D0E /* Notifications.h */,
				E9B2F11916EE6B0B00976D0E /* Notifications.m */,
			);
			name = common;
			sourceTree = "<group>";
		};
		E9B2F11E16EFFD1700976D0E /* MBProgressHUD */ = {
			isa = PBXGroup;
			children = (
				E9B2F11F16EFFD2700976D0E /* MBProgressHUD.h */,
				E9B2F12016EFFD2700976D0E /* MBProgressHUD.m */,
			);
			name = MBProgressHUD;
			sourceTree = "<group>";
		};
		E9B2F12B16F0308E00976D0E /* maps */ = {
			isa = PBXGroup;
			children = (
				E9B2F12C16F030A000976D0E /* LotAnnotation.h */,
				E9B2F12D16F030A000976D0E /* LotAnnotation.m */,
				E975C81E16F3638D00AF4AB6 /* LotMapViewController.h */,
				E975C81F16F3638D00AF4AB6 /* LotMapViewController.m */,
				E975C82116F37E6000AF4AB6 /* MapLotViewController.h */,
				E975C82216F37E6000AF4AB6 /* MapLotViewController.m */,
				E975C82316F37E6000AF4AB6 /* MapLotViewController.xib */,
			);
			name = maps;
			sourceTree = "<group>";
		};
/* End PBXGroup section */

/* Begin PBXNativeTarget section */
		E9B2F09116EE4C6100976D0E /* lots */ = {
			isa = PBXNativeTarget;
			buildConfigurationList = E9B2F0C316EE4C6100976D0E /* Build configuration list for PBXNativeTarget "lots" */;
			buildPhases = (
				E9B2F08E16EE4C6100976D0E /* Sources */,
				E9B2F08F16EE4C6100976D0E /* Frameworks */,
				E9B2F09016EE4C6100976D0E /* Resources */,
				4701B92224694D3890909F20 /* Copy Pods Resources */,
			);
			buildRules = (
			);
			dependencies = (
			);
			name = lots;
			productName = lots;
			productReference = E9B2F09216EE4C6100976D0E /* lots.app */;
			productType = "com.apple.product-type.application";
		};
/* End PBXNativeTarget section */

/* Begin PBXProject section */
		E9B2F08A16EE4C6100976D0E /* Project object */ = {
			isa = PBXProject;
			attributes = {
				LastUpgradeCheck = 0460;
				ORGANIZATIONNAME = "Thomas DeMeo";
			};
			buildConfigurationList = E9B2F08D16EE4C6100976D0E /* Build configuration list for PBXProject "lots" */;
			compatibilityVersion = "Xcode 3.2";
			developmentRegion = English;
			hasScannedForEncodings = 0;
			knownRegions = (
				en,
			);
			mainGroup = E9B2F08916EE4C6100976D0E;
			productRefGroup = E9B2F09316EE4C6100976D0E /* Products */;
			projectDirPath = "";
			projectRoot = "";
			targets = (
				E9B2F09116EE4C6100976D0E /* lots */,
			);
		};
/* End PBXProject section */

/* Begin PBXResourcesBuildPhase section */
		E9B2F09016EE4C6100976D0E /* Resources */ = {
			isa = PBXResourcesBuildPhase;
			buildActionMask = 2147483647;
			files = (
				E9B2F0A016EE4C6100976D0E /* InfoPlist.strings in Resources */,
				E9B2F0A816EE4C6100976D0E /* Default.png in Resources */,
				E9B2F0AA16EE4C6100976D0E /* Default@2x.png in Resources */,
				E9B2F0AC16EE4C6100976D0E /* Default-568h@2x.png in Resources */,
				E9B2F0B116EE4C6100976D0E /* first.png in Resources */,
				E9B2F0B316EE4C6100976D0E /* first@2x.png in Resources */,
				E9B2F0B816EE4C6100976D0E /* second.png in Resources */,
				E9B2F0BA16EE4C6100976D0E /* second@2x.png in Resources */,
				E9B2F0BD16EE4C6100976D0E /* FirstViewController.xib in Resources */,
				E9B2F0C016EE4C6100976D0E /* SecondViewController.xib in Resources */,
				E9B2F0CC16EE54EF00976D0E /* didact_gothic.ttf in Resources */,
				E9B2F12816F01E6200976D0E /* CheckInViewController.xib in Resources */,
				E9B2F13616F0FE9200976D0E /* LSExploreLotCell.xib in Resources */,
				E9B2F13B16F172C700976D0E /* LotDetailViewController.xib in Resources */,
				E975C80C16F1A30800AF4AB6 /* LotsTabBarBackground@2x.png in Resources */,
				E975C80E16F1A39300AF4AB6 /* LotsTabBarBackground.png in Resources */,
				E975C81016F221A800AF4AB6 /* LotsTabBarSelectedBG@2x.png in Resources */,
				E975C81516F2275F00AF4AB6 /* LSCheckInCell.xib in Resources */,
				E975C81816F24AEC00AF4AB6 /* back_arrow.png in Resources */,
				E975C81916F24AEC00AF4AB6 /* back_arrow@2x.png in Resources */,
				E975C81C16F2D3D900AF4AB6 /* Icon.png in Resources */,
				E975C81D16F2D3D900AF4AB6 /* Icon@2x.png in Resources */,
				E975C82516F37E6000AF4AB6 /* MapLotViewController.xib in Resources */,
				E975C82C16F3B79100AF4AB6 /* gray_button.png in Resources */,
				E975C82D16F3B79100AF4AB6 /* gray_button@2x.png in Resources */,
				E975C83016F3C15A00AF4AB6 /* magnifier.png in Resources */,
				E975C83116F3C15A00AF4AB6 /* magnifier@2x.png in Resources */,
				E975C83416F3C3E500AF4AB6 /* flag.png in Resources */,
				E975C83516F3C3E500AF4AB6 /* flag@2x.png in Resources */,
				E975C83816F3D39D00AF4AB6 /* navBG.png in Resources */,
				E975C83916F3D39D00AF4AB6 /* navBG@2x.png in Resources */,
				E975C83C16F3D45000AF4AB6 /* car@2x.png in Resources */,
				E975C83D16F3D45000AF4AB6 /* car.png in Resources */,
				E975C84016F3D65B00AF4AB6 /* navCenter.png in Resources */,
				E975C84116F3D65B00AF4AB6 /* navCenter@2x.png in Resources */,
				E975C84416F3E62800AF4AB6 /* header_icon.png in Resources */,
				E975C84516F3E62800AF4AB6 /* header_icon@2x.png in Resources */,
				E975C84816F3E8AA00AF4AB6 /* header_icon_solid.png in Resources */,
				E975C84916F3E8AA00AF4AB6 /* header_icon_solid@2x.png in Resources */,
				E975C84F16F3F32F00AF4AB6 /* AchievementsViewController.xib in Resources */,
				E975C85916F3FE6D00AF4AB6 /* ach_1.png in Resources */,
				E975C85A16F3FE6D00AF4AB6 /* ach_1@2x.png in Resources */,
				E975C85B16F3FE6D00AF4AB6 /* ach_5.png in Resources */,
				E975C85C16F3FE6D00AF4AB6 /* ach_5@2x.png in Resources */,
				E975C85D16F3FE6D00AF4AB6 /* ach_10.png in Resources */,
				E975C85E16F3FE6D00AF4AB6 /* ach_10@2x.png in Resources */,
				E975C85F16F3FE6D00AF4AB6 /* ach_bg.png in Resources */,
				E975C86016F3FE6D00AF4AB6 /* ach_bg@2x.png in Resources */,
			);
			runOnlyForDeploymentPostprocessing = 0;
		};
/* End PBXResourcesBuildPhase section */

/* Begin PBXShellScriptBuildPhase section */
		4701B92224694D3890909F20 /* Copy Pods Resources */ = {
			isa = PBXShellScriptBuildPhase;
			buildActionMask = 2147483647;
			files = (
			);
			inputPaths = (
			);
			name = "Copy Pods Resources";
			outputPaths = (
			);
			runOnlyForDeploymentPostprocessing = 0;
			shellPath = /bin/sh;
			shellScript = "\"${SRCROOT}/Pods/Pods-resources.sh\"\n";
		};
/* End PBXShellScriptBuildPhase section */

/* Begin PBXSourcesBuildPhase section */
		E9B2F08E16EE4C6100976D0E /* Sources */ = {
			isa = PBXSourcesBuildPhase;
			buildActionMask = 2147483647;
			files = (
				E9B2F0A216EE4C6100976D0E /* main.m in Sources */,
				E9B2F0A616EE4C6100976D0E /* AppDelegate.m in Sources */,
				E9B2F0AF16EE4C6100976D0E /* FirstViewController.m in Sources */,
				E9B2F0B616EE4C6100976D0E /* SecondViewController.m in Sources */,
				E9B2F0D116EE553400976D0E /* Theme.m in Sources */,
				E9B2F0D216EE553400976D0E /* RITTheme.m in Sources */,
				E9B2F11016EE5DD100976D0E /* AFLotsAPIClient.m in Sources */,
				E9B2F11416EE61C000976D0E /* LocationManager.m in Sources */,
				E9B2F11A16EE6B0B00976D0E /* Notifications.m in Sources */,
				E9B2F11D16EFB30900976D0E /* ExploreLots.m in Sources */,
				E9B2F12116EFFD2700976D0E /* MBProgressHUD.m in Sources */,
				E9B2F12716F01E6200976D0E /* CheckInViewController.m in Sources */,
				E9B2F12E16F030A000976D0E /* LotAnnotation.m in Sources */,
				E9B2F13116F0418500976D0E /* CheckInLot.m in Sources */,
				E9B2F13416F0FE8000976D0E /* LSExploreLotCell.m in Sources */,
				E9B2F13A16F172C700976D0E /* LotDetailViewController.m in Sources */,
				E975C81316F2274F00AF4AB6 /* LSCheckInCell.m in Sources */,
				E975C82016F3638D00AF4AB6 /* LotMapViewController.m in Sources */,
				E975C82416F37E6000AF4AB6 /* MapLotViewController.m in Sources */,
				E975C84E16F3F32F00AF4AB6 /* AchievementsViewController.m in Sources */,
			);
			runOnlyForDeploymentPostprocessing = 0;
		};
/* End PBXSourcesBuildPhase section */

/* Begin PBXVariantGroup section */
		E9B2F09E16EE4C6100976D0E /* InfoPlist.strings */ = {
			isa = PBXVariantGroup;
			children = (
				E9B2F09F16EE4C6100976D0E /* en */,
			);
			name = InfoPlist.strings;
			sourceTree = "<group>";
		};
		E9B2F0BB16EE4C6100976D0E /* FirstViewController.xib */ = {
			isa = PBXVariantGroup;
			children = (
				E9B2F0BC16EE4C6100976D0E /* en */,
			);
			name = FirstViewController.xib;
			sourceTree = "<group>";
		};
		E9B2F0BE16EE4C6100976D0E /* SecondViewController.xib */ = {
			isa = PBXVariantGroup;
			children = (
				E9B2F0BF16EE4C6100976D0E /* en */,
			);
			name = SecondViewController.xib;
			sourceTree = "<group>";
		};
/* End PBXVariantGroup section */

/* Begin XCBuildConfiguration section */
		E9B2F0C116EE4C6100976D0E /* Debug */ = {
			isa = XCBuildConfiguration;
			buildSettings = {
				ALWAYS_SEARCH_USER_PATHS = YES;
				CLANG_CXX_LANGUAGE_STANDARD = "gnu++0x";
				CLANG_CXX_LIBRARY = "libc++";
				CLANG_ENABLE_OBJC_ARC = YES;
				CLANG_WARN_CONSTANT_CONVERSION = YES;
				CLANG_WARN_EMPTY_BODY = YES;
				CLANG_WARN_ENUM_CONVERSION = YES;
				CLANG_WARN_INT_CONVERSION = YES;
				CLANG_WARN__DUPLICATE_METHOD_MATCH = YES;
				"CODE_SIGN_IDENTITY[sdk=iphoneos*]" = "iPhone Developer";
				COPY_PHASE_STRIP = NO;
				GCC_C_LANGUAGE_STANDARD = gnu99;
				GCC_DYNAMIC_NO_PIC = NO;
				GCC_OPTIMIZATION_LEVEL = 0;
				GCC_PREPROCESSOR_DEFINITIONS = (
					"DEBUG=1",
					"$(inherited)",
				);
				GCC_SYMBOLS_PRIVATE_EXTERN = NO;
				GCC_WARN_ABOUT_RETURN_TYPE = YES;
				GCC_WARN_UNINITIALIZED_AUTOS = YES;
				GCC_WARN_UNUSED_VARIABLE = YES;
				IPHONEOS_DEPLOYMENT_TARGET = 6.1;
				ONLY_ACTIVE_ARCH = YES;
				SDKROOT = iphoneos;
			};
			name = Debug;
		};
		E9B2F0C216EE4C6100976D0E /* Release */ = {
			isa = XCBuildConfiguration;
			buildSettings = {
				ALWAYS_SEARCH_USER_PATHS = YES;
				CLANG_CXX_LANGUAGE_STANDARD = "gnu++0x";
				CLANG_CXX_LIBRARY = "libc++";
				CLANG_ENABLE_OBJC_ARC = YES;
				CLANG_WARN_CONSTANT_CONVERSION = YES;
				CLANG_WARN_EMPTY_BODY = YES;
				CLANG_WARN_ENUM_CONVERSION = YES;
				CLANG_WARN_INT_CONVERSION = YES;
				CLANG_WARN__DUPLICATE_METHOD_MATCH = YES;
				"CODE_SIGN_IDENTITY[sdk=iphoneos*]" = "iPhone Developer";
				COPY_PHASE_STRIP = YES;
				GCC_C_LANGUAGE_STANDARD = gnu99;
				GCC_WARN_ABOUT_RETURN_TYPE = YES;
				GCC_WARN_UNINITIALIZED_AUTOS = YES;
				GCC_WARN_UNUSED_VARIABLE = YES;
				IPHONEOS_DEPLOYMENT_TARGET = 6.1;
				OTHER_CFLAGS = "-DNS_BLOCK_ASSERTIONS=1";
				SDKROOT = iphoneos;
				VALIDATE_PRODUCT = YES;
			};
			name = Release;
		};
		E9B2F0C416EE4C6100976D0E /* Debug */ = {
			isa = XCBuildConfiguration;
			baseConfigurationReference = 4AD52480A6C54F208D21A4F7 /* Pods.xcconfig */;
			buildSettings = {
				GCC_PRECOMPILE_PREFIX_HEADER = YES;
				GCC_PREFIX_HEADER = "lots/lots-Prefix.pch";
				HEADER_SEARCH_PATHS = "${PODS_HEADERS_SEARCH_PATHS}";
				INFOPLIST_FILE = "lots/lots-Info.plist";
				LIBRARY_SEARCH_PATHS = "$(SRCROOT)";
				PRODUCT_NAME = "$(TARGET_NAME)";
				WRAPPER_EXTENSION = app;
			};
			name = Debug;
		};
		E9B2F0C516EE4C6100976D0E /* Release */ = {
			isa = XCBuildConfiguration;
			baseConfigurationReference = 4AD52480A6C54F208D21A4F7 /* Pods.xcconfig */;
			buildSettings = {
				GCC_PRECOMPILE_PREFIX_HEADER = YES;
				GCC_PREFIX_HEADER = "lots/lots-Prefix.pch";
				HEADER_SEARCH_PATHS = "${PODS_HEADERS_SEARCH_PATHS}";
				INFOPLIST_FILE = "lots/lots-Info.plist";
				LIBRARY_SEARCH_PATHS = "$(SRCROOT)";
				PRODUCT_NAME = "$(TARGET_NAME)";
				WRAPPER_EXTENSION = app;
			};
			name = Release;
		};
/* End XCBuildConfiguration section */

/* Begin XCConfigurationList section */
		E9B2F08D16EE4C6100976D0E /* Build configuration list for PBXProject "lots" */ = {
			isa = XCConfigurationList;
			buildConfigurations = (
				E9B2F0C116EE4C6100976D0E /* Debug */,
				E9B2F0C216EE4C6100976D0E /* Release */,
			);
			defaultConfigurationIsVisible = 0;
			defaultConfigurationName = Release;
		};
		E9B2F0C316EE4C6100976D0E /* Build configuration list for PBXNativeTarget "lots" */ = {
			isa = XCConfigurationList;
			buildConfigurations = (
				E9B2F0C416EE4C6100976D0E /* Debug */,
				E9B2F0C516EE4C6100976D0E /* Release */,
			);
			defaultConfigurationIsVisible = 0;
			defaultConfigurationName = Release;
		};
/* End XCConfigurationList section */
	};
	rootObject = E9B2F08A16EE4C6100976D0E /* Project object */;
}
